
Microsoft Visual Studio Solution File, Format Version 12.00
# Visual Studio Version 16
VisualStudioVersion = 16.0.29009.5
MinimumVisualStudioVersion = 10.0.40219.1
Project("{FAE04EC0-301F-11D3-BF4B-00C04F79EFBC}") = "TatilSeyahat", "TatilSeyahat.csproj", "{16492F0E-4FCA-459A-966C-3202D7356018}"
EndProject
Global
	GlobalSection(SolutionConfigurationPlatforms) = preSolution
		Debug|Any CPU = Debug|Any CPU
		Release|Any CPU = Release|Any CPU
	EndGlobalSection
	GlobalSection(ProjectConfigurationPlatforms) = postSolution
		{16492F0E-4FCA-459A-966C-3202D7356018}.Debug|Any CPU.ActiveCfg = Debug|Any CPU
		{16492F0E-4FCA-459A-966C-3202D7356018}.Debug|Any CPU.Build.0 = Debug|Any CPU
		{16492F0E-4FCA-459A-966C-3202D7356018}.Release|Any CPU.ActiveCfg = Release|Any CPU
		{16492F0E-4FCA-459A-966C-3202D7356018}.Release|Any CPU.Build.0 = Release|Any CPU
	EndGlobalSection
	GlobalSection(SolutionProperties) = preSolution
		HideSolutionNode = FALSE
	EndGlobalSection
	GlobalSection(ExtensibilityGlobals) = postSolution
		SolutionGuid = {78D1CB40-0175-4A5B-BCF5-21E4EBFC5687}
	EndGlobalSection
EndGlobal
